
Microsoft Visual Studio Solution File, Format Version 12.00
# Visual Studio Version 16
VisualStudioVersion = 16.0.33214.272
MinimumVisualStudioVersion = 10.0.40219.1
Project("{FAE04EC0-301F-11D3-BF4B-00C04F79EFBC}") = "ParallelepipedMethod", "ParallelepipedMethod.csproj", "{20F35364-12B8-4D5E-8424-3E7FC0359A1A}"
EndProject
Global
	GlobalSection(SolutionConfigurationPlatforms) = preSolution
		Debug|Any CPU = Debug|Any CPU
		Release|Any CPU = Release|Any CPU
	EndGlobalSection
	GlobalSection(ProjectConfigurationPlatforms) = postSolution
		{20F35364-12B8-4D5E-8424-3E7FC0359A1A}.Debug|Any CPU.ActiveCfg = Debug|Any CPU
		{20F35364-12B8-4D5E-8424-3E7FC0359A1A}.Debug|Any CPU.Build.0 = Debug|Any CPU
		{20F35364-12B8-4D5E-8424-3E7FC0359A1A}.Release|Any CPU.ActiveCfg = Release|Any CPU
		{20F35364-12B8-4D5E-8424-3E7FC0359A1A}.Release|Any CPU.Build.0 = Release|Any CPU
	EndGlobalSection
	GlobalSection(SolutionProperties) = preSolution
		HideSolutionNode = FALSE
	EndGlobalSection
	GlobalSection(ExtensibilityGlobals) = postSolution
		SolutionGuid = {3D2C7BAF-FB17-49FA-B5EB-8846953AA1C1}
	EndGlobalSection
EndGlobal
